
Microsoft Visual Studio Solution File, Format Version 12.00
# Visual Studio Version 17
VisualStudioVersion = 17.12.35506.116 d17.12
MinimumVisualStudioVersion = 10.0.40219.1
Project("{FAE04EC0-301F-11D3-BF4B-00C04F79EFBC}") = "App1.Android", "App1\App1.Android\App1.Android.csproj", "{860E5FED-F95D-4D5F-A775-BA84BB1C48FA}"
EndProject
Project("{FAE04EC0-301F-11D3-BF4B-00C04F79EFBC}") = "App1.iOS", "App1\App1.iOS\App1.iOS.csproj", "{1D51E3E0-2C6B-4D1A-8CA2-E2935D9E74D1}"
EndProject
Project("{FAE04EC0-301F-11D3-BF4B-00C04F79EFBC}") = "App1", "App1\App1\App1.csproj", "{35E82F99-AF9A-4CC6-B890-D0176B569C6F}"
EndProject
Global
	GlobalSection(SolutionConfigurationPlatforms) = preSolution
		Debug|Any CPU = Debug|Any CPU
		Release|Any CPU = Release|Any CPU
	EndGlobalSection
	GlobalSection(ProjectConfigurationPlatforms) = postSolution
		{860E5FED-F95D-4D5F-A775-BA84BB1C48FA}.Debug|Any CPU.ActiveCfg = Debug|Any CPU
		{860E5FED-F95D-4D5F-A775-BA84BB1C48FA}.Debug|Any CPU.Build.0 = Debug|Any CPU
		{860E5FED-F95D-4D5F-A775-BA84BB1C48FA}.Debug|Any CPU.Deploy.0 = Debug|Any CPU
		{860E5FED-F95D-4D5F-A775-BA84BB1C48FA}.Release|Any CPU.ActiveCfg = Release|Any CPU
		{860E5FED-F95D-4D5F-A775-BA84BB1C48FA}.Release|Any CPU.Build.0 = Release|Any CPU
		{860E5FED-F95D-4D5F-A775-BA84BB1C48FA}.Release|Any CPU.Deploy.0 = Release|Any CPU
		{1D51E3E0-2C6B-4D1A-8CA2-E2935D9E74D1}.Debug|Any CPU.ActiveCfg = Debug|iPhone
		{1D51E3E0-2C6B-4D1A-8CA2-E2935D9E74D1}.Debug|Any CPU.Build.0 = Debug|iPhone
		{1D51E3E0-2C6B-4D1A-8CA2-E2935D9E74D1}.Debug|Any CPU.Deploy.0 = Debug|iPhone
		{1D51E3E0-2C6B-4D1A-8CA2-E2935D9E74D1}.Release|Any CPU.ActiveCfg = Release|iPhoneSimulator
		{1D51E3E0-2C6B-4D1A-8CA2-E2935D9E74D1}.Release|Any CPU.Build.0 = Release|iPhoneSimulator
		{1D51E3E0-2C6B-4D1A-8CA2-E2935D9E74D1}.Release|Any CPU.Deploy.0 = Release|iPhoneSimulator
		{35E82F99-AF9A-4CC6-B890-D0176B569C6F}.Debug|Any CPU.ActiveCfg = Debug|Any CPU
		{35E82F99-AF9A-4CC6-B890-D0176B569C6F}.Debug|Any CPU.Build.0 = Debug|Any CPU
		{35E82F99-AF9A-4CC6-B890-D0176B569C6F}.Debug|Any CPU.Deploy.0 = Debug|Any CPU
		{35E82F99-AF9A-4CC6-B890-D0176B569C6F}.Release|Any CPU.ActiveCfg = Release|Any CPU
		{35E82F99-AF9A-4CC6-B890-D0176B569C6F}.Release|Any CPU.Build.0 = Release|Any CPU
		{35E82F99-AF9A-4CC6-B890-D0176B569C6F}.Release|Any CPU.Deploy.0 = Release|Any CPU
	EndGlobalSection
	GlobalSection(SolutionProperties) = preSolution
		HideSolutionNode = FALSE
	EndGlobalSection
EndGlobal
